
Microsoft Visual Studio Solution File, Format Version 12.00
# Visual Studio Version 17
VisualStudioVersion = 17.14.36202.13
MinimumVisualStudioVersion = 10.0.40219.1
Project("{54A90642-561A-4BB1-A94E-469ADEE60C69}") = "hahntaskmanager.client", "hahntaskmanager.client\hahntaskmanager.client.esproj", "{89264D6E-591F-8D8A-7F63-AE39B1C2A380}"
EndProject
Project("{FAE04EC0-301F-11D3-BF4B-00C04F79EFBC}") = "HahnTaskManager.Api", "HahnTaskManager.Api\HahnTaskManager.Api.csproj", "{059302F2-66DC-4A0C-82E2-B7905496197D}"
EndProject
Project("{FAE04EC0-301F-11D3-BF4B-00C04F79EFBC}") = "HahnTaskManager.Domain", "HahnTaskManager.Domain\HahnTaskManager.Domain.csproj", "{52736AC2-3E58-4219-8BA3-9264A7D43E2A}"
EndProject
Project("{FAE04EC0-301F-11D3-BF4B-00C04F79EFBC}") = "HahnTaskManager.Infrastructure", "HahnTaskManager.Infrastructure\HahnTaskManager.Infrastructure.csproj", "{64B5D1A6-F757-4A3E-8E15-1FBAD1028B1E}"
	ProjectSection(ProjectDependencies) = postProject
		{52736AC2-3E58-4219-8BA3-9264A7D43E2A} = {52736AC2-3E58-4219-8BA3-9264A7D43E2A}
	EndProjectSection
EndProject
Project("{FAE04EC0-301F-11D3-BF4B-00C04F79EFBC}") = "HahnTaskManager.Application", "HahnTaskManager.Application\HahnTaskManager.Application.csproj", "{7CAFC895-B962-4F4A-B8DB-7E9689247B71}"
EndProject
Project("{FAE04EC0-301F-11D3-BF4B-00C04F79EFBC}") = "HahnTaskManager.Tests", "HahnTaskManager.Tests\HahnTaskManager.Tests.csproj", "{71731D04-4FC7-44E1-A36B-D01FE9E30701}"
EndProject
Global
	GlobalSection(SolutionConfigurationPlatforms) = preSolution
		Debug|Any CPU = Debug|Any CPU
		Release|Any CPU = Release|Any CPU
	EndGlobalSection
	GlobalSection(ProjectConfigurationPlatforms) = postSolution
		{89264D6E-591F-8D8A-7F63-AE39B1C2A380}.Debug|Any CPU.ActiveCfg = Debug|Any CPU
		{89264D6E-591F-8D8A-7F63-AE39B1C2A380}.Debug|Any CPU.Build.0 = Debug|Any CPU
		{89264D6E-591F-8D8A-7F63-AE39B1C2A380}.Debug|Any CPU.Deploy.0 = Debug|Any CPU
		{89264D6E-591F-8D8A-7F63-AE39B1C2A380}.Release|Any CPU.ActiveCfg = Release|Any CPU
		{89264D6E-591F-8D8A-7F63-AE39B1C2A380}.Release|Any CPU.Build.0 = Release|Any CPU
		{89264D6E-591F-8D8A-7F63-AE39B1C2A380}.Release|Any CPU.Deploy.0 = Release|Any CPU
		{059302F2-66DC-4A0C-82E2-B7905496197D}.Debug|Any CPU.ActiveCfg = Debug|Any CPU
		{059302F2-66DC-4A0C-82E2-B7905496197D}.Debug|Any CPU.Build.0 = Debug|Any CPU
		{059302F2-66DC-4A0C-82E2-B7905496197D}.Release|Any CPU.ActiveCfg = Release|Any CPU
		{059302F2-66DC-4A0C-82E2-B7905496197D}.Release|Any CPU.Build.0 = Release|Any CPU
		{52736AC2-3E58-4219-8BA3-9264A7D43E2A}.Debug|Any CPU.ActiveCfg = Debug|Any CPU
		{52736AC2-3E58-4219-8BA3-9264A7D43E2A}.Debug|Any CPU.Build.0 = Debug|Any CPU
		{52736AC2-3E58-4219-8BA3-9264A7D43E2A}.Release|Any CPU.ActiveCfg = Release|Any CPU
		{52736AC2-3E58-4219-8BA3-9264A7D43E2A}.Release|Any CPU.Build.0 = Release|Any CPU
		{64B5D1A6-F757-4A3E-8E15-1FBAD1028B1E}.Debug|Any CPU.ActiveCfg = Debug|Any CPU
		{64B5D1A6-F757-4A3E-8E15-1FBAD1028B1E}.Debug|Any CPU.Build.0 = Debug|Any CPU
		{64B5D1A6-F757-4A3E-8E15-1FBAD1028B1E}.Release|Any CPU.ActiveCfg = Release|Any CPU
		{64B5D1A6-F757-4A3E-8E15-1FBAD1028B1E}.Release|Any CPU.Build.0 = Release|Any CPU
		{7CAFC895-B962-4F4A-B8DB-7E9689247B71}.Debug|Any CPU.ActiveCfg = Debug|Any CPU
		{7CAFC895-B962-4F4A-B8DB-7E9689247B71}.Debug|Any CPU.Build.0 = Debug|Any CPU
		{7CAFC895-B962-4F4A-B8DB-7E9689247B71}.Release|Any CPU.ActiveCfg = Release|Any CPU
		{7CAFC895-B962-4F4A-B8DB-7E9689247B71}.Release|Any CPU.Build.0 = Release|Any CPU
		{71731D04-4FC7-44E1-A36B-D01FE9E30701}.Debug|Any CPU.ActiveCfg = Debug|Any CPU
		{71731D04-4FC7-44E1-A36B-D01FE9E30701}.Debug|Any CPU.Build.0 = Debug|Any CPU
		{71731D04-4FC7-44E1-A36B-D01FE9E30701}.Release|Any CPU.ActiveCfg = Release|Any CPU
		{71731D04-4FC7-44E1-A36B-D01FE9E30701}.Release|Any CPU.Build.0 = Release|Any CPU
	EndGlobalSection
	GlobalSection(SolutionProperties) = preSolution
		HideSolutionNode = FALSE
	EndGlobalSection
	GlobalSection(ExtensibilityGlobals) = postSolution
		SolutionGuid = {27AAE636-181A-4277-BED2-332EE8F1AB0A}
	EndGlobalSection
EndGlobal
